
Microsoft Visual Studio Solution File, Format Version 12.00
Project("{FAE04EC0-301F-11D3-BF4B-00C04F79EFBC}") = "UserControlIssue", "UserControlIssue\UserControlIssue.csproj", "{82D0704A-1D65-4B8F-BB02-26CA00AB7814}"
EndProject
Global
	GlobalSection(SolutionConfigurationPlatforms) = preSolution
		Debug|Any CPU = Debug|Any CPU
		Release|Any CPU = Release|Any CPU
	EndGlobalSection
	GlobalSection(ProjectConfigurationPlatforms) = postSolution
		{82D0704A-1D65-4B8F-BB02-26CA00AB7814}.Debug|Any CPU.ActiveCfg = Debug|Any CPU
		{82D0704A-1D65-4B8F-BB02-26CA00AB7814}.Debug|Any CPU.Build.0 = Debug|Any CPU
		{82D0704A-1D65-4B8F-BB02-26CA00AB7814}.Release|Any CPU.ActiveCfg = Release|Any CPU
		{82D0704A-1D65-4B8F-BB02-26CA00AB7814}.Release|Any CPU.Build.0 = Release|Any CPU
	EndGlobalSection
EndGlobal
